
Microsoft Visual Studio Solution File, Format Version 12.00
# Visual Studio 2013
VisualStudioVersion = 12.0.21005.1
MinimumVisualStudioVersion = 10.0.40219.1
Project("{FAE04EC0-301F-11D3-BF4B-00C04F79EFBC}") = "NextBus Message Log Parser", "NextBus Message Log Parser\NextBus Message Log Parser.csproj", "{F41B8C13-4FCD-4BAE-A172-A7A00060B247}"
EndProject
Project("{FAE04EC0-301F-11D3-BF4B-00C04F79EFBC}") = "CSV_Write", "CSV_Write\CSV_Write.csproj", "{D80D406C-A3A3-4B21-9884-67DE522162B2}"
EndProject
Global
	GlobalSection(SolutionConfigurationPlatforms) = preSolution
		Debug|Any CPU = Debug|Any CPU
		Release|Any CPU = Release|Any CPU
	EndGlobalSection
	GlobalSection(ProjectConfigurationPlatforms) = postSolution
		{F41B8C13-4FCD-4BAE-A172-A7A00060B247}.Debug|Any CPU.ActiveCfg = Debug|Any CPU
		{F41B8C13-4FCD-4BAE-A172-A7A00060B247}.Debug|Any CPU.Build.0 = Debug|Any CPU
		{F41B8C13-4FCD-4BAE-A172-A7A00060B247}.Release|Any CPU.ActiveCfg = Release|Any CPU
		{F41B8C13-4FCD-4BAE-A172-A7A00060B247}.Release|Any CPU.Build.0 = Release|Any CPU
		{D80D406C-A3A3-4B21-9884-67DE522162B2}.Debug|Any CPU.ActiveCfg = Debug|Any CPU
		{D80D406C-A3A3-4B21-9884-67DE522162B2}.Debug|Any CPU.Build.0 = Debug|Any CPU
		{D80D406C-A3A3-4B21-9884-67DE522162B2}.Release|Any CPU.ActiveCfg = Release|Any CPU
		{D80D406C-A3A3-4B21-9884-67DE522162B2}.Release|Any CPU.Build.0 = Release|Any CPU
	EndGlobalSection
	GlobalSection(SolutionProperties) = preSolution
		HideSolutionNode = FALSE
	EndGlobalSection
	GlobalSection(Performance) = preSolution
		HasPerformanceSessions = true
	EndGlobalSection
EndGlobal
